
Microsoft Visual Studio Solution File, Format Version 12.00
# Visual Studio 15
VisualStudioVersion = 15.0.27428.2037
MinimumVisualStudioVersion = 10.0.40219.1
Project("{FAE04EC0-301F-11D3-BF4B-00C04F79EFBC}") = "ArabaSimulasyonuOrnek", "ArabaSimulasyonuOrnek\ArabaSimulasyonuOrnek.csproj", "{7B9E1ABF-D6EF-4709-9D26-E6235F9A31C8}"
EndProject
Global
	GlobalSection(SolutionConfigurationPlatforms) = preSolution
		Debug|Any CPU = Debug|Any CPU
		Release|Any CPU = Release|Any CPU
	EndGlobalSection
	GlobalSection(ProjectConfigurationPlatforms) = postSolution
		{7B9E1ABF-D6EF-4709-9D26-E6235F9A31C8}.Debug|Any CPU.ActiveCfg = Debug|Any CPU
		{7B9E1ABF-D6EF-4709-9D26-E6235F9A31C8}.Debug|Any CPU.Build.0 = Debug|Any CPU
		{7B9E1ABF-D6EF-4709-9D26-E6235F9A31C8}.Release|Any CPU.ActiveCfg = Release|Any CPU
		{7B9E1ABF-D6EF-4709-9D26-E6235F9A31C8}.Release|Any CPU.Build.0 = Release|Any CPU
	EndGlobalSection
	GlobalSection(SolutionProperties) = preSolution
		HideSolutionNode = FALSE
	EndGlobalSection
	GlobalSection(ExtensibilityGlobals) = postSolution
		SolutionGuid = {29DA2EDB-E977-41FC-992A-124B39BBA2C2}
	EndGlobalSection
EndGlobal
