
Microsoft Visual Studio Solution File, Format Version 12.00
# Visual Studio 14
VisualStudioVersion = 14.0.25420.1
MinimumVisualStudioVersion = 10.0.40219.1
Project("{FAE04EC0-301F-11D3-BF4B-00C04F79EFBC}") = "MyEvernote.WebApp", "MyEvernote.WebApp\MyEvernote.WebApp.csproj", "{57F96A08-34D9-4DD1-A8A7-45A8A43BA548}"
EndProject
Project("{FAE04EC0-301F-11D3-BF4B-00C04F79EFBC}") = "MyEvernote.BusinessLayer", "MyEvernote.BusinessLayer\MyEvernote.BusinessLayer.csproj", "{D53C0DA9-3688-4CD5-A28D-1CE1BC676CF3}"
EndProject
Project("{FAE04EC0-301F-11D3-BF4B-00C04F79EFBC}") = "MyEvernote.DataAccessLayer", "MyEvernote.DataAccessLayer\MyEvernote.DataAccessLayer.csproj", "{CCF21158-A99D-4AE8-A305-BD1FBCDFFD5F}"
EndProject
Project("{FAE04EC0-301F-11D3-BF4B-00C04F79EFBC}") = "MyEvernote.Entities", "MyEvernote.Entities\MyEvernote.Entities.csproj", "{1DC28A30-9F93-4403-BCC3-CB1D66D5163E}"
EndProject
Project("{FAE04EC0-301F-11D3-BF4B-00C04F79EFBC}") = "MyEvernote.Common", "MyEvernote.Common\MyEvernote.Common.csproj", "{C555F954-349B-4C46-82FC-8D37768EE017}"
EndProject
Project("{FAE04EC0-301F-11D3-BF4B-00C04F79EFBC}") = "MyEvernote.Core", "MyEvernote.Core\MyEvernote.Core.csproj", "{1E58F14A-0C96-408E-97D7-CFFEB240157F}"
EndProject
Global
	GlobalSection(SolutionConfigurationPlatforms) = preSolution
		Debug|Any CPU = Debug|Any CPU
		Release|Any CPU = Release|Any CPU
	EndGlobalSection
	GlobalSection(ProjectConfigurationPlatforms) = postSolution
		{57F96A08-34D9-4DD1-A8A7-45A8A43BA548}.Debug|Any CPU.ActiveCfg = Debug|Any CPU
		{57F96A08-34D9-4DD1-A8A7-45A8A43BA548}.Debug|Any CPU.Build.0 = Debug|Any CPU
		{57F96A08-34D9-4DD1-A8A7-45A8A43BA548}.Release|Any CPU.ActiveCfg = Release|Any CPU
		{57F96A08-34D9-4DD1-A8A7-45A8A43BA548}.Release|Any CPU.Build.0 = Release|Any CPU
		{D53C0DA9-3688-4CD5-A28D-1CE1BC676CF3}.Debug|Any CPU.ActiveCfg = Debug|Any CPU
		{D53C0DA9-3688-4CD5-A28D-1CE1BC676CF3}.Debug|Any CPU.Build.0 = Debug|Any CPU
		{D53C0DA9-3688-4CD5-A28D-1CE1BC676CF3}.Release|Any CPU.ActiveCfg = Release|Any CPU
		{D53C0DA9-3688-4CD5-A28D-1CE1BC676CF3}.Release|Any CPU.Build.0 = Release|Any CPU
		{CCF21158-A99D-4AE8-A305-BD1FBCDFFD5F}.Debug|Any CPU.ActiveCfg = Debug|Any CPU
		{CCF21158-A99D-4AE8-A305-BD1FBCDFFD5F}.Debug|Any CPU.Build.0 = Debug|Any CPU
		{CCF21158-A99D-4AE8-A305-BD1FBCDFFD5F}.Release|Any CPU.ActiveCfg = Release|Any CPU
		{CCF21158-A99D-4AE8-A305-BD1FBCDFFD5F}.Release|Any CPU.Build.0 = Release|Any CPU
		{1DC28A30-9F93-4403-BCC3-CB1D66D5163E}.Debug|Any CPU.ActiveCfg = Debug|Any CPU
		{1DC28A30-9F93-4403-BCC3-CB1D66D5163E}.Debug|Any CPU.Build.0 = Debug|Any CPU
		{1DC28A30-9F93-4403-BCC3-CB1D66D5163E}.Release|Any CPU.ActiveCfg = Release|Any CPU
		{1DC28A30-9F93-4403-BCC3-CB1D66D5163E}.Release|Any CPU.Build.0 = Release|Any CPU
		{C555F954-349B-4C46-82FC-8D37768EE017}.Debug|Any CPU.ActiveCfg = Debug|Any CPU
		{C555F954-349B-4C46-82FC-8D37768EE017}.Debug|Any CPU.Build.0 = Debug|Any CPU
		{C555F954-349B-4C46-82FC-8D37768EE017}.Release|Any CPU.ActiveCfg = Release|Any CPU
		{C555F954-349B-4C46-82FC-8D37768EE017}.Release|Any CPU.Build.0 = Release|Any CPU
		{1E58F14A-0C96-408E-97D7-CFFEB240157F}.Debug|Any CPU.ActiveCfg = Debug|Any CPU
		{1E58F14A-0C96-408E-97D7-CFFEB240157F}.Debug|Any CPU.Build.0 = Debug|Any CPU
		{1E58F14A-0C96-408E-97D7-CFFEB240157F}.Release|Any CPU.ActiveCfg = Release|Any CPU
		{1E58F14A-0C96-408E-97D7-CFFEB240157F}.Release|Any CPU.Build.0 = Release|Any CPU
	EndGlobalSection
	GlobalSection(SolutionProperties) = preSolution
		HideSolutionNode = FALSE
	EndGlobalSection
EndGlobal
